{
  "name": "tlist",
  "version": "0.0.0",
  "lockfileVersion": 3,
  "requires": true,
  "packages": {
    "": {
      "name": "tlist",
      "version": "0.0.0",
      "dependencies": {
        "@foxui/3d": "^0.4.7",
        "@foxui/colors": "^0.4.7",
        "@foxui/core": "^0.4.7",
        "@foxui/social": "^0.4.7",
        "@foxui/visual": "^0.4.7",
        "@lucide/svelte": "^0.562.0",
        "@tailwindcss/vite": "^4.1.18",
        "tailwindcss": "^4.1.18"
      },
      "devDependencies": {
        "@sveltejs/vite-plugin-svelte": "^6.2.1",
        "svelte": "^5.43.8",
        "vite": "^7.2.4"
      }
    },
    "node_modules/@atproto/api": {
      "version": "0.15.27",
      "license": "MIT",
      "dependencies": {
        "@atproto/common-web": "^0.4.2",
        "@atproto/lexicon": "^0.4.12",
        "@atproto/syntax": "^0.4.0",
        "@atproto/xrpc": "^0.7.1",
        "await-lock": "^2.2.2",
        "multiformats": "^9.9.0",
        "tlds": "^1.234.0",
        "zod": "^3.23.8"
      }
    },
    "node_modules/@atproto/common-web": {
      "version": "0.4.12",
      "license": "MIT",
      "dependencies": {
        "@atproto/lex-data": "0.0.8",
        "@atproto/lex-json": "0.0.8",
        "zod": "^3.23.8"
      }
    },
    "node_modules/@atproto/lex-data": {
      "version": "0.0.8",
      "license": "MIT",
      "dependencies": {
        "@atproto/syntax": "0.4.2",
        "multiformats": "^9.9.0",
        "tslib": "^2.8.1",
        "uint8arrays": "3.0.0",
        "unicode-segmenter": "^0.14.0"
      }
    },
    "node_modules/@atproto/lex-json": {
      "version": "0.0.8",
      "license": "MIT",
      "dependencies": {
        "@atproto/lex-data": "0.0.8",
        "tslib": "^2.8.1"
      }
    },
    "node_modules/@atproto/lexicon": {
      "version": "0.4.14",
      "license": "MIT",
      "dependencies": {
        "@atproto/common-web": "^0.4.2",
        "@atproto/syntax": "^0.4.0",
        "iso-datestring-validator": "^2.2.2",
        "multiformats": "^9.9.0",
        "zod": "^3.23.8"
      }
    },
    "node_modules/@atproto/syntax": {
      "version": "0.4.2",
      "license": "MIT"
    },
    "node_modules/@atproto/xrpc": {
      "version": "0.7.7",
      "license": "MIT",
      "dependencies": {
        "@atproto/lexicon": "^0.6.0",
        "zod": "^3.23.8"
      }
    },
    "node_modules/@atproto/xrpc/node_modules/@atproto/lexicon": {
      "version": "0.6.0",
      "license": "MIT",
      "dependencies": {
        "@atproto/common-web": "^0.4.7",
        "@atproto/syntax": "^0.4.2",
        "iso-datestring-validator": "^2.2.2",
        "multiformats": "^9.9.0",
        "zod": "^3.23.8"
      }
    },
    "node_modules/@dimforge/rapier3d-compat": {
      "version": "0.12.0",
      "license": "Apache-2.0"
    },
    "node_modules/@esbuild/win32-x64": {
      "version": "0.27.2",
      "cpu": [
        "x64"
      ],
      "license": "MIT",
      "optional": true,
      "os": [
        "win32"
      ],
      "engines": {
        "node": ">=18"
      }
    },
    "node_modules/@floating-ui/core": {
      "version": "1.7.3",
      "license": "MIT",
      "dependencies": {
        "@floating-ui/utils": "^0.2.10"
      }
    },
    "node_modules/@floating-ui/dom": {
      "version": "1.7.4",
      "license": "MIT",
      "dependencies": {
        "@floating-ui/core": "^1.7.3",
        "@floating-ui/utils": "^0.2.10"
      }
    },
    "node_modules/@floating-ui/utils": {
      "version": "0.2.10",
      "license": "MIT"
    },
    "node_modules/@foxui/3d": {
      "version": "0.4.7",
      "resolved": "https://registry.npmjs.org/@foxui/3d/-/3d-0.4.7.tgz",
      "integrity": "sha512-6aFWbdvMPbVqvRlr1gc438RoWE/1+B7/dB1b682tl+K1ycMhWkgMzicckxafLY2A1haOv8bgAArZJ+Lt63RMNg==",
      "license": "MIT",
      "dependencies": {
        "@foxui/core": "0.4.7",
        "@threlte/core": "^8.0.2",
        "@threlte/extras": "^9.1.4",
        "@types/three": "^0.176.0",
        "bits-ui": "^1.4.3",
        "three": "^0.176.0"
      },
      "peerDependencies": {
        "svelte": ">=5",
        "tailwindcss": ">=3"
      }
    },
    "node_modules/@foxui/colors": {
      "version": "0.4.7",
      "resolved": "https://registry.npmjs.org/@foxui/colors/-/colors-0.4.7.tgz",
      "integrity": "sha512-P40GBuwerikysWctVL1KSUrjxzlAf5j1jZ0z6+pzkWdfTv8wGxXlJcvJCkA1MkTeatLkyBrHLrIF17u2iRrMkw==",
      "license": "MIT",
      "dependencies": {
        "@foxui/core": "0.4.7",
        "@texel/color": "^1.1.10",
        "@use-gesture/vanilla": "^10.3.1",
        "bits-ui": "^1.4.3"
      },
      "peerDependencies": {
        "svelte": ">=5",
        "tailwindcss": ">=3"
      }
    },
    "node_modules/@foxui/core": {
      "version": "0.4.7",
      "resolved": "https://registry.npmjs.org/@foxui/core/-/core-0.4.7.tgz",
      "integrity": "sha512-/J31Zra1Jlfn2HeLqKj7q2LmZoDc5pPEZU1SMrLYpJuv3QN+rl9qzAal0gwjGbhgNA/jAk7P2jqTgF4adngMkw==",
      "license": "MIT",
      "dependencies": {
        "@number-flow/svelte": "^0.3.7",
        "bits-ui": "^1.4.3",
        "clsx": "^2.1.1",
        "mode-watcher": "^1.1.0",
        "svelte-sonner": "^0.3.28",
        "tailwind-merge": "^3.2.0",
        "tailwind-variants": "^1.0.0"
      },
      "peerDependencies": {
        "svelte": ">=5",
        "tailwindcss": ">=3"
      }
    },
    "node_modules/@foxui/social": {
      "version": "0.4.7",
      "resolved": "https://registry.npmjs.org/@foxui/social/-/social-0.4.7.tgz",
      "integrity": "sha512-KeA0Ppl8NVzPwJsibAGFJMCPlLfOa7L3LQqS4YBfPd0hhribBQ9MHWTfN+JM0upYt/E97XPsL/EoIrWfY67obA==",
      "license": "MIT",
      "dependencies": {
        "@atproto/api": "^0.15.5",
        "@foxui/core": "0.4.7",
        "@foxui/time": "0.4.7",
        "@use-gesture/vanilla": "^10.3.1",
        "bits-ui": "^1.4.3",
        "emoji-picker-element": "^1.26.3",
        "hls.js": "^1.6.2",
        "is-emoji-supported": "^0.0.5",
        "plyr": "^3.7.8"
      },
      "peerDependencies": {
        "svelte": ">=5",
        "tailwindcss": ">=3"
      }
    },
    "node_modules/@foxui/time": {
      "version": "0.4.7",
      "license": "MIT",
      "dependencies": {
        "@foxui/core": "0.4.7",
        "@number-flow/svelte": "^0.3.7",
        "bits-ui": "^1.4.3"
      },
      "peerDependencies": {
        "svelte": ">=5",
        "tailwindcss": ">=3"
      }
    },
    "node_modules/@foxui/visual": {
      "version": "0.4.7",
      "resolved": "https://registry.npmjs.org/@foxui/visual/-/visual-0.4.7.tgz",
      "integrity": "sha512-POcVBvmeHD5Z3UFBANIawn6mBZLB5XEy/jqkFp1NV1OnHSdE4vNjWYSva3GU1C/OVVPxjfNFB0SisZlHWmk5FA==",
      "license": "MIT",
      "dependencies": {
        "@foxui/colors": "0.4.7",
        "@foxui/core": "0.4.7",
        "bits-ui": "^1.4.3",
        "canvas-confetti": "^1.9.3",
        "cheerio": "^1.0.0"
      },
      "peerDependencies": {
        "svelte": ">=5",
        "tailwindcss": ">=3"
      }
    },
    "node_modules/@internationalized/date": {
      "version": "3.10.1",
      "license": "Apache-2.0",
      "dependencies": {
        "@swc/helpers": "^0.5.0"
      }
    },
    "node_modules/@jridgewell/gen-mapping": {
      "version": "0.3.13",
      "license": "MIT",
      "dependencies": {
        "@jridgewell/sourcemap-codec": "^1.5.0",
        "@jridgewell/trace-mapping": "^0.3.24"
      }
    },
    "node_modules/@jridgewell/remapping": {
      "version": "2.3.5",
      "license": "MIT",
      "dependencies": {
        "@jridgewell/gen-mapping": "^0.3.5",
        "@jridgewell/trace-mapping": "^0.3.24"
      }
    },
    "node_modules/@jridgewell/resolve-uri": {
      "version": "3.1.2",
      "license": "MIT",
      "engines": {
        "node": ">=6.0.0"
      }
    },
    "node_modules/@jridgewell/sourcemap-codec": {
      "version": "1.5.5",
      "license": "MIT"
    },
    "node_modules/@jridgewell/trace-mapping": {
      "version": "0.3.31",
      "license": "MIT",
      "dependencies": {
        "@jridgewell/resolve-uri": "^3.1.0",
        "@jridgewell/sourcemap-codec": "^1.4.14"
      }
    },
    "node_modules/@lucide/svelte": {
      "version": "0.562.0",
      "resolved": "https://registry.npmjs.org/@lucide/svelte/-/svelte-0.562.0.tgz",
      "integrity": "sha512-wDMULwtTFN2Sc/TFBm6gfuVCNb4Y5P9LDrwxNnUbV52+IEU7NXZmvxwXoz+vrrpad6Xupq+Hw5eUlqIHEGhouw==",
      "license": "ISC",
      "peerDependencies": {
        "svelte": "^5"
      }
    },
    "node_modules/@number-flow/svelte": {
      "version": "0.3.9",
      "license": "MIT",
      "dependencies": {
        "esm-env": "^1.1.4",
        "number-flow": "0.5.8"
      },
      "peerDependencies": {
        "svelte": "^4 || ^5"
      }
    },
    "node_modules/@rollup/rollup-win32-x64-gnu": {
      "version": "4.55.1",
      "cpu": [
        "x64"
      ],
      "license": "MIT",
      "optional": true,
      "os": [
        "win32"
      ]
    },
    "node_modules/@rollup/rollup-win32-x64-msvc": {
      "version": "4.55.1",
      "cpu": [
        "x64"
      ],
      "license": "MIT",
      "optional": true,
      "os": [
        "win32"
      ]
    },
    "node_modules/@sveltejs/acorn-typescript": {
      "version": "1.0.8",
      "license": "MIT",
      "peerDependencies": {
        "acorn": "^8.9.0"
      }
    },
    "node_modules/@sveltejs/vite-plugin-svelte": {
      "version": "6.2.4",
      "resolved": "https://registry.npmjs.org/@sveltejs/vite-plugin-svelte/-/vite-plugin-svelte-6.2.4.tgz",
      "integrity": "sha512-ou/d51QSdTyN26D7h6dSpusAKaZkAiGM55/AKYi+9AGZw7q85hElbjK3kEyzXHhLSnRISHOYzVge6x0jRZ7DXA==",
      "dev": true,
      "license": "MIT",
      "dependencies": {
        "@sveltejs/vite-plugin-svelte-inspector": "^5.0.0",
        "deepmerge": "^4.3.1",
        "magic-string": "^0.30.21",
        "obug": "^2.1.0",
        "vitefu": "^1.1.1"
      },
      "engines": {
        "node": "^20.19 || ^22.12 || >=24"
      },
      "peerDependencies": {
        "svelte": "^5.0.0",
        "vite": "^6.3.0 || ^7.0.0"
      }
    },
    "node_modules/@sveltejs/vite-plugin-svelte-inspector": {
      "version": "5.0.2",
      "dev": true,
      "license": "MIT",
      "dependencies": {
        "obug": "^2.1.0"
      },
      "engines": {
        "node": "^20.19 || ^22.12 || >=24"
      },
      "peerDependencies": {
        "@sveltejs/vite-plugin-svelte": "^6.0.0-next.0",
        "svelte": "^5.0.0",
        "vite": "^6.3.0 || ^7.0.0"
      }
    },
    "node_modules/@swc/helpers": {
      "version": "0.5.18",
      "license": "Apache-2.0",
      "dependencies": {
        "tslib": "^2.8.0"
      }
    },
    "node_modules/@tailwindcss/node": {
      "version": "4.1.18",
      "license": "MIT",
      "dependencies": {
        "@jridgewell/remapping": "^2.3.4",
        "enhanced-resolve": "^5.18.3",
        "jiti": "^2.6.1",
        "lightningcss": "1.30.2",
        "magic-string": "^0.30.21",
        "source-map-js": "^1.2.1",
        "tailwindcss": "4.1.18"
      }
    },
    "node_modules/@tailwindcss/oxide": {
      "version": "4.1.18",
      "license": "MIT",
      "engines": {
        "node": ">= 10"
      },
      "optionalDependencies": {
        "@tailwindcss/oxide-android-arm64": "4.1.18",
        "@tailwindcss/oxide-darwin-arm64": "4.1.18",
        "@tailwindcss/oxide-darwin-x64": "4.1.18",
        "@tailwindcss/oxide-freebsd-x64": "4.1.18",
        "@tailwindcss/oxide-linux-arm-gnueabihf": "4.1.18",
        "@tailwindcss/oxide-linux-arm64-gnu": "4.1.18",
        "@tailwindcss/oxide-linux-arm64-musl": "4.1.18",
        "@tailwindcss/oxide-linux-x64-gnu": "4.1.18",
        "@tailwindcss/oxide-linux-x64-musl": "4.1.18",
        "@tailwindcss/oxide-wasm32-wasi": "4.1.18",
        "@tailwindcss/oxide-win32-arm64-msvc": "4.1.18",
        "@tailwindcss/oxide-win32-x64-msvc": "4.1.18"
      }
    },
    "node_modules/@tailwindcss/oxide-win32-x64-msvc": {
      "version": "4.1.18",
      "cpu": [
        "x64"
      ],
      "license": "MIT",
      "optional": true,
      "os": [
        "win32"
      ],
      "engines": {
        "node": ">= 10"
      }
    },
    "node_modules/@tailwindcss/vite": {
      "version": "4.1.18",
      "resolved": "https://registry.npmjs.org/@tailwindcss/vite/-/vite-4.1.18.tgz",
      "integrity": "sha512-jVA+/UpKL1vRLg6Hkao5jldawNmRo7mQYrZtNHMIVpLfLhDml5nMRUo/8MwoX2vNXvnaXNNMedrMfMugAVX1nA==",
      "license": "MIT",
      "dependencies": {
        "@tailwindcss/node": "4.1.18",
        "@tailwindcss/oxide": "4.1.18",
        "tailwindcss": "4.1.18"
      },
      "peerDependencies": {
        "vite": "^5.2.0 || ^6 || ^7"
      }
    },
    "node_modules/@texel/color": {
      "version": "1.1.11",
      "license": "MIT"
    },
    "node_modules/@threejs-kit/instanced-sprite-mesh": {
      "version": "2.5.1",
      "dependencies": {
        "diet-sprite": "^0.0.1",
        "earcut": "^2.2.4",
        "maath": "^0.10.7",
        "three-instanced-uniforms-mesh": "^0.52.4",
        "troika-three-utils": "^0.52.4"
      },
      "peerDependencies": {
        "three": ">=0.170.0"
      }
    },
    "node_modules/@threlte/core": {
      "version": "8.3.1",
      "license": "MIT",
      "dependencies": {
        "mitt": "^3.0.1"
      },
      "peerDependencies": {
        "svelte": ">=5",
        "three": ">=0.160"
      }
    },
    "node_modules/@threlte/extras": {
      "version": "9.7.1",
      "license": "MIT",
      "dependencies": {
        "@threejs-kit/instanced-sprite-mesh": "^2.5.1",
        "camera-controls": "^3.1.2",
        "three-mesh-bvh": "^0.9.1",
        "three-perf": "^1.0.11",
        "three-viewport-gizmo": "^2.2.0",
        "troika-three-text": "^0.52.4"
      },
      "peerDependencies": {
        "svelte": ">=5",
        "three": ">=0.160"
      }
    },
    "node_modules/@tweenjs/tween.js": {
      "version": "23.1.3",
      "license": "MIT"
    },
    "node_modules/@types/estree": {
      "version": "1.0.8",
      "license": "MIT"
    },
    "node_modules/@types/stats.js": {
      "version": "0.17.4",
      "license": "MIT"
    },
    "node_modules/@types/three": {
      "version": "0.176.0",
      "license": "MIT",
      "dependencies": {
        "@dimforge/rapier3d-compat": "^0.12.0",
        "@tweenjs/tween.js": "~23.1.3",
        "@types/stats.js": "*",
        "@types/webxr": "*",
        "@webgpu/types": "*",
        "fflate": "~0.8.2",
        "meshoptimizer": "~0.18.1"
      }
    },
    "node_modules/@types/webxr": {
      "version": "0.5.24",
      "license": "MIT"
    },
    "node_modules/@use-gesture/core": {
      "version": "10.3.1",
      "license": "MIT"
    },
    "node_modules/@use-gesture/vanilla": {
      "version": "10.3.1",
      "license": "MIT",
      "dependencies": {
        "@use-gesture/core": "10.3.1"
      }
    },
    "node_modules/@webgpu/types": {
      "version": "0.1.69",
      "license": "BSD-3-Clause"
    },
    "node_modules/acorn": {
      "version": "8.15.0",
      "license": "MIT",
      "bin": {
        "acorn": "bin/acorn"
      },
      "engines": {
        "node": ">=0.4.0"
      }
    },
    "node_modules/aria-query": {
      "version": "5.3.2",
      "license": "Apache-2.0",
      "engines": {
        "node": ">= 0.4"
      }
    },
    "node_modules/await-lock": {
      "version": "2.2.2",
      "license": "MIT"
    },
    "node_modules/axobject-query": {
      "version": "4.1.0",
      "license": "Apache-2.0",
      "engines": {
        "node": ">= 0.4"
      }
    },
    "node_modules/bidi-js": {
      "version": "1.0.3",
      "license": "MIT",
      "dependencies": {
        "require-from-string": "^2.0.2"
      }
    },
    "node_modules/bits-ui": {
      "version": "1.8.0",
      "license": "MIT",
      "dependencies": {
        "@floating-ui/core": "^1.6.4",
        "@floating-ui/dom": "^1.6.7",
        "@internationalized/date": "^3.5.6",
        "css.escape": "^1.5.1",
        "esm-env": "^1.1.2",
        "runed": "^0.23.2",
        "svelte-toolbelt": "^0.7.1",
        "tabbable": "^6.2.0"
      },
      "engines": {
        "node": ">=18",
        "pnpm": ">=8.7.0"
      },
      "funding": {
        "url": "https://github.com/sponsors/huntabyte"
      },
      "peerDependencies": {
        "svelte": "^5.11.0"
      }
    },
    "node_modules/boolbase": {
      "version": "1.0.0",
      "license": "ISC"
    },
    "node_modules/camera-controls": {
      "version": "3.1.2",
      "license": "MIT",
      "engines": {
        "node": ">=22.0.0",
        "npm": ">=10.5.1"
      },
      "peerDependencies": {
        "three": ">=0.126.1"
      }
    },
    "node_modules/canvas-confetti": {
      "version": "1.9.4",
      "license": "ISC",
      "funding": {
        "type": "donate",
        "url": "https://www.paypal.me/kirilvatev"
      }
    },
    "node_modules/cheerio": {
      "version": "1.1.2",
      "license": "MIT",
      "dependencies": {
        "cheerio-select": "^2.1.0",
        "dom-serializer": "^2.0.0",
        "domhandler": "^5.0.3",
        "domutils": "^3.2.2",
        "encoding-sniffer": "^0.2.1",
        "htmlparser2": "^10.0.0",
        "parse5": "^7.3.0",
        "parse5-htmlparser2-tree-adapter": "^7.1.0",
        "parse5-parser-stream": "^7.1.2",
        "undici": "^7.12.0",
        "whatwg-mimetype": "^4.0.0"
      },
      "engines": {
        "node": ">=20.18.1"
      },
      "funding": {
        "url": "https://github.com/cheeriojs/cheerio?sponsor=1"
      }
    },
    "node_modules/cheerio-select": {
      "version": "2.1.0",
      "license": "BSD-2-Clause",
      "dependencies": {
        "boolbase": "^1.0.0",
        "css-select": "^5.1.0",
        "css-what": "^6.1.0",
        "domelementtype": "^2.3.0",
        "domhandler": "^5.0.3",
        "domutils": "^3.0.1"
      },
      "funding": {
        "url": "https://github.com/sponsors/fb55"
      }
    },
    "node_modules/clsx": {
      "version": "2.1.1",
      "license": "MIT",
      "engines": {
        "node": ">=6"
      }
    },
    "node_modules/core-js": {
      "version": "3.47.0",
      "hasInstallScript": true,
      "license": "MIT",
      "funding": {
        "type": "opencollective",
        "url": "https://opencollective.com/core-js"
      }
    },
    "node_modules/css-select": {
      "version": "5.2.2",
      "license": "BSD-2-Clause",
      "dependencies": {
        "boolbase": "^1.0.0",
        "css-what": "^6.1.0",
        "domhandler": "^5.0.2",
        "domutils": "^3.0.1",
        "nth-check": "^2.0.1"
      },
      "funding": {
        "url": "https://github.com/sponsors/fb55"
      }
    },
    "node_modules/css-what": {
      "version": "6.2.2",
      "license": "BSD-2-Clause",
      "engines": {
        "node": ">= 6"
      },
      "funding": {
        "url": "https://github.com/sponsors/fb55"
      }
    },
    "node_modules/css.escape": {
      "version": "1.5.1",
      "license": "MIT"
    },
    "node_modules/custom-event-polyfill": {
      "version": "1.0.7",
      "license": "MIT"
    },
    "node_modules/deepmerge": {
      "version": "4.3.1",
      "dev": true,
      "license": "MIT",
      "engines": {
        "node": ">=0.10.0"
      }
    },
    "node_modules/detect-libc": {
      "version": "2.1.2",
      "license": "Apache-2.0",
      "engines": {
        "node": ">=8"
      }
    },
    "node_modules/devalue": {
      "version": "5.6.2",
      "license": "MIT"
    },
    "node_modules/diet-sprite": {
      "version": "0.0.1",
      "license": "ISC"
    },
    "node_modules/dom-serializer": {
      "version": "2.0.0",
      "license": "MIT",
      "dependencies": {
        "domelementtype": "^2.3.0",
        "domhandler": "^5.0.2",
        "entities": "^4.2.0"
      },
      "funding": {
        "url": "https://github.com/cheeriojs/dom-serializer?sponsor=1"
      }
    },
    "node_modules/domelementtype": {
      "version": "2.3.0",
      "funding": [
        {
          "type": "github",
          "url": "https://github.com/sponsors/fb55"
        }
      ],
      "license": "BSD-2-Clause"
    },
    "node_modules/domhandler": {
      "version": "5.0.3",
      "license": "BSD-2-Clause",
      "dependencies": {
        "domelementtype": "^2.3.0"
      },
      "engines": {
        "node": ">= 4"
      },
      "funding": {
        "url": "https://github.com/fb55/domhandler?sponsor=1"
      }
    },
    "node_modules/domutils": {
      "version": "3.2.2",
      "license": "BSD-2-Clause",
      "dependencies": {
        "dom-serializer": "^2.0.0",
        "domelementtype": "^2.3.0",
        "domhandler": "^5.0.3"
      },
      "funding": {
        "url": "https://github.com/fb55/domutils?sponsor=1"
      }
    },
    "node_modules/earcut": {
      "version": "2.2.4",
      "license": "ISC"
    },
    "node_modules/emoji-picker-element": {
      "version": "1.28.1",
      "license": "Apache-2.0"
    },
    "node_modules/encoding-sniffer": {
      "version": "0.2.1",
      "license": "MIT",
      "dependencies": {
        "iconv-lite": "^0.6.3",
        "whatwg-encoding": "^3.1.1"
      },
      "funding": {
        "url": "https://github.com/fb55/encoding-sniffer?sponsor=1"
      }
    },
    "node_modules/enhanced-resolve": {
      "version": "5.18.4",
      "license": "MIT",
      "dependencies": {
        "graceful-fs": "^4.2.4",
        "tapable": "^2.2.0"
      },
      "engines": {
        "node": ">=10.13.0"
      }
    },
    "node_modules/entities": {
      "version": "4.5.0",
      "license": "BSD-2-Clause",
      "engines": {
        "node": ">=0.12"
      },
      "funding": {
        "url": "https://github.com/fb55/entities?sponsor=1"
      }
    },
    "node_modules/esbuild": {
      "version": "0.27.2",
      "hasInstallScript": true,
      "license": "MIT",
      "bin": {
        "esbuild": "bin/esbuild"
      },
      "engines": {
        "node": ">=18"
      },
      "optionalDependencies": {
        "@esbuild/aix-ppc64": "0.27.2",
        "@esbuild/android-arm": "0.27.2",
        "@esbuild/android-arm64": "0.27.2",
        "@esbuild/android-x64": "0.27.2",
        "@esbuild/darwin-arm64": "0.27.2",
        "@esbuild/darwin-x64": "0.27.2",
        "@esbuild/freebsd-arm64": "0.27.2",
        "@esbuild/freebsd-x64": "0.27.2",
        "@esbuild/linux-arm": "0.27.2",
        "@esbuild/linux-arm64": "0.27.2",
        "@esbuild/linux-ia32": "0.27.2",
        "@esbuild/linux-loong64": "0.27.2",
        "@esbuild/linux-mips64el": "0.27.2",
        "@esbuild/linux-ppc64": "0.27.2",
        "@esbuild/linux-riscv64": "0.27.2",
        "@esbuild/linux-s390x": "0.27.2",
        "@esbuild/linux-x64": "0.27.2",
        "@esbuild/netbsd-arm64": "0.27.2",
        "@esbuild/netbsd-x64": "0.27.2",
        "@esbuild/openbsd-arm64": "0.27.2",
        "@esbuild/openbsd-x64": "0.27.2",
        "@esbuild/openharmony-arm64": "0.27.2",
        "@esbuild/sunos-x64": "0.27.2",
        "@esbuild/win32-arm64": "0.27.2",
        "@esbuild/win32-ia32": "0.27.2",
        "@esbuild/win32-x64": "0.27.2"
      }
    },
    "node_modules/esm-env": {
      "version": "1.2.2",
      "license": "MIT"
    },
    "node_modules/esrap": {
      "version": "2.2.1",
      "license": "MIT",
      "dependencies": {
        "@jridgewell/sourcemap-codec": "^1.4.15"
      }
    },
    "node_modules/fdir": {
      "version": "6.5.0",
      "license": "MIT",
      "engines": {
        "node": ">=12.0.0"
      },
      "peerDependencies": {
        "picomatch": "^3 || ^4"
      },
      "peerDependenciesMeta": {
        "picomatch": {
          "optional": true
        }
      }
    },
    "node_modules/fflate": {
      "version": "0.8.2",
      "license": "MIT"
    },
    "node_modules/graceful-fs": {
      "version": "4.2.11",
      "license": "ISC"
    },
    "node_modules/hls.js": {
      "version": "1.6.15",
      "license": "Apache-2.0"
    },
    "node_modules/htmlparser2": {
      "version": "10.0.0",
      "funding": [
        "https://github.com/fb55/htmlparser2?sponsor=1",
        {
          "type": "github",
          "url": "https://github.com/sponsors/fb55"
        }
      ],
      "license": "MIT",
      "dependencies": {
        "domelementtype": "^2.3.0",
        "domhandler": "^5.0.3",
        "domutils": "^3.2.1",
        "entities": "^6.0.0"
      }
    },
    "node_modules/htmlparser2/node_modules/entities": {
      "version": "6.0.1",
      "license": "BSD-2-Clause",
      "engines": {
        "node": ">=0.12"
      },
      "funding": {
        "url": "https://github.com/fb55/entities?sponsor=1"
      }
    },
    "node_modules/iconv-lite": {
      "version": "0.6.3",
      "license": "MIT",
      "dependencies": {
        "safer-buffer": ">= 2.1.2 < 3.0.0"
      },
      "engines": {
        "node": ">=0.10.0"
      }
    },
    "node_modules/inline-style-parser": {
      "version": "0.2.7",
      "license": "MIT"
    },
    "node_modules/is-emoji-supported": {
      "version": "0.0.5",
      "license": "MIT"
    },
    "node_modules/is-reference": {
      "version": "3.0.3",
      "license": "MIT",
      "dependencies": {
        "@types/estree": "^1.0.6"
      }
    },
    "node_modules/iso-datestring-validator": {
      "version": "2.2.2",
      "license": "MIT"
    },
    "node_modules/jiti": {
      "version": "2.6.1",
      "license": "MIT",
      "bin": {
        "jiti": "lib/jiti-cli.mjs"
      }
    },
    "node_modules/lightningcss": {
      "version": "1.30.2",
      "license": "MPL-2.0",
      "dependencies": {
        "detect-libc": "^2.0.3"
      },
      "engines": {
        "node": ">= 12.0.0"
      },
      "funding": {
        "type": "opencollective",
        "url": "https://opencollective.com/parcel"
      },
      "optionalDependencies": {
        "lightningcss-android-arm64": "1.30.2",
        "lightningcss-darwin-arm64": "1.30.2",
        "lightningcss-darwin-x64": "1.30.2",
        "lightningcss-freebsd-x64": "1.30.2",
        "lightningcss-linux-arm-gnueabihf": "1.30.2",
        "lightningcss-linux-arm64-gnu": "1.30.2",
        "lightningcss-linux-arm64-musl": "1.30.2",
        "lightningcss-linux-x64-gnu": "1.30.2",
        "lightningcss-linux-x64-musl": "1.30.2",
        "lightningcss-win32-arm64-msvc": "1.30.2",
        "lightningcss-win32-x64-msvc": "1.30.2"
      }
    },
    "node_modules/lightningcss-win32-x64-msvc": {
      "version": "1.30.2",
      "cpu": [
        "x64"
      ],
      "license": "MPL-2.0",
      "optional": true,
      "os": [
        "win32"
      ],
      "engines": {
        "node": ">= 12.0.0"
      },
      "funding": {
        "type": "opencollective",
        "url": "https://opencollective.com/parcel"
      }
    },
    "node_modules/loadjs": {
      "version": "4.3.0",
      "license": "MIT"
    },
    "node_modules/locate-character": {
      "version": "3.0.0",
      "license": "MIT"
    },
    "node_modules/maath": {
      "version": "0.10.8",
      "license": "MIT",
      "peerDependencies": {
        "@types/three": ">=0.134.0",
        "three": ">=0.134.0"
      }
    },
    "node_modules/magic-string": {
      "version": "0.30.21",
      "license": "MIT",
      "dependencies": {
        "@jridgewell/sourcemap-codec": "^1.5.5"
      }
    },
    "node_modules/meshoptimizer": {
      "version": "0.18.1",
      "license": "MIT"
    },
    "node_modules/mitt": {
      "version": "3.0.1",
      "license": "MIT"
    },
    "node_modules/mode-watcher": {
      "version": "1.1.0",
      "license": "MIT",
      "dependencies": {
        "runed": "^0.25.0",
        "svelte-toolbelt": "^0.7.1"
      },
      "peerDependencies": {
        "svelte": "^5.27.0"
      }
    },
    "node_modules/mode-watcher/node_modules/runed": {
      "version": "0.25.0",
      "funding": [
        "https://github.com/sponsors/huntabyte",
        "https://github.com/sponsors/tglide"
      ],
      "dependencies": {
        "esm-env": "^1.0.0"
      },
      "peerDependencies": {
        "svelte": "^5.7.0"
      }
    },
    "node_modules/multiformats": {
      "version": "9.9.0",
      "license": "(Apache-2.0 AND MIT)"
    },
    "node_modules/nanoid": {
      "version": "3.3.11",
      "funding": [
        {
          "type": "github",
          "url": "https://github.com/sponsors/ai"
        }
      ],
      "license": "MIT",
      "bin": {
        "nanoid": "bin/nanoid.cjs"
      },
      "engines": {
        "node": "^10 || ^12 || ^13.7 || ^14 || >=15.0.1"
      }
    },
    "node_modules/nth-check": {
      "version": "2.1.1",
      "license": "BSD-2-Clause",
      "dependencies": {
        "boolbase": "^1.0.0"
      },
      "funding": {
        "url": "https://github.com/fb55/nth-check?sponsor=1"
      }
    },
    "node_modules/number-flow": {
      "version": "0.5.8",
      "license": "MIT",
      "dependencies": {
        "esm-env": "^1.1.4"
      }
    },
    "node_modules/obug": {
      "version": "2.1.1",
      "dev": true,
      "funding": [
        "https://github.com/sponsors/sxzz",
        "https://opencollective.com/debug"
      ],
      "license": "MIT"
    },
    "node_modules/parse5": {
      "version": "7.3.0",
      "license": "MIT",
      "dependencies": {
        "entities": "^6.0.0"
      },
      "funding": {
        "url": "https://github.com/inikulin/parse5?sponsor=1"
      }
    },
    "node_modules/parse5-htmlparser2-tree-adapter": {
      "version": "7.1.0",
      "license": "MIT",
      "dependencies": {
        "domhandler": "^5.0.3",
        "parse5": "^7.0.0"
      },
      "funding": {
        "url": "https://github.com/inikulin/parse5?sponsor=1"
      }
    },
    "node_modules/parse5-parser-stream": {
      "version": "7.1.2",
      "license": "MIT",
      "dependencies": {
        "parse5": "^7.0.0"
      },
      "funding": {
        "url": "https://github.com/inikulin/parse5?sponsor=1"
      }
    },
    "node_modules/parse5/node_modules/entities": {
      "version": "6.0.1",
      "license": "BSD-2-Clause",
      "engines": {
        "node": ">=0.12"
      },
      "funding": {
        "url": "https://github.com/fb55/entities?sponsor=1"
      }
    },
    "node_modules/picocolors": {
      "version": "1.1.1",
      "license": "ISC"
    },
    "node_modules/picomatch": {
      "version": "4.0.3",
      "license": "MIT",
      "engines": {
        "node": ">=12"
      },
      "funding": {
        "url": "https://github.com/sponsors/jonschlinkert"
      }
    },
    "node_modules/plyr": {
      "version": "3.8.4",
      "license": "MIT",
      "dependencies": {
        "core-js": "^3.45.1",
        "custom-event-polyfill": "^1.0.7",
        "loadjs": "^4.3.0",
        "rangetouch": "^2.0.1",
        "url-polyfill": "^1.1.13"
      }
    },
    "node_modules/postcss": {
      "version": "8.5.6",
      "funding": [
        {
          "type": "opencollective",
          "url": "https://opencollective.com/postcss/"
        },
        {
          "type": "tidelift",
          "url": "https://tidelift.com/funding/github/npm/postcss"
        },
        {
          "type": "github",
          "url": "https://github.com/sponsors/ai"
        }
      ],
      "license": "MIT",
      "dependencies": {
        "nanoid": "^3.3.11",
        "picocolors": "^1.1.1",
        "source-map-js": "^1.2.1"
      },
      "engines": {
        "node": "^10 || ^12 || >=14"
      }
    },
    "node_modules/rangetouch": {
      "version": "2.0.1",
      "license": "MIT"
    },
    "node_modules/require-from-string": {
      "version": "2.0.2",
      "license": "MIT",
      "engines": {
        "node": ">=0.10.0"
      }
    },
    "node_modules/rollup": {
      "version": "4.55.1",
      "license": "MIT",
      "dependencies": {
        "@types/estree": "1.0.8"
      },
      "bin": {
        "rollup": "dist/bin/rollup"
      },
      "engines": {
        "node": ">=18.0.0",
        "npm": ">=8.0.0"
      },
      "optionalDependencies": {
        "@rollup/rollup-android-arm-eabi": "4.55.1",
        "@rollup/rollup-android-arm64": "4.55.1",
        "@rollup/rollup-darwin-arm64": "4.55.1",
        "@rollup/rollup-darwin-x64": "4.55.1",
        "@rollup/rollup-freebsd-arm64": "4.55.1",
        "@rollup/rollup-freebsd-x64": "4.55.1",
        "@rollup/rollup-linux-arm-gnueabihf": "4.55.1",
        "@rollup/rollup-linux-arm-musleabihf": "4.55.1",
        "@rollup/rollup-linux-arm64-gnu": "4.55.1",
        "@rollup/rollup-linux-arm64-musl": "4.55.1",
        "@rollup/rollup-linux-loong64-gnu": "4.55.1",
        "@rollup/rollup-linux-loong64-musl": "4.55.1",
        "@rollup/rollup-linux-ppc64-gnu": "4.55.1",
        "@rollup/rollup-linux-ppc64-musl": "4.55.1",
        "@rollup/rollup-linux-riscv64-gnu": "4.55.1",
        "@rollup/rollup-linux-riscv64-musl": "4.55.1",
        "@rollup/rollup-linux-s390x-gnu": "4.55.1",
        "@rollup/rollup-linux-x64-gnu": "4.55.1",
        "@rollup/rollup-linux-x64-musl": "4.55.1",
        "@rollup/rollup-openbsd-x64": "4.55.1",
        "@rollup/rollup-openharmony-arm64": "4.55.1",
        "@rollup/rollup-win32-arm64-msvc": "4.55.1",
        "@rollup/rollup-win32-ia32-msvc": "4.55.1",
        "@rollup/rollup-win32-x64-gnu": "4.55.1",
        "@rollup/rollup-win32-x64-msvc": "4.55.1",
        "fsevents": "~2.3.2"
      }
    },
    "node_modules/runed": {
      "version": "0.23.4",
      "funding": [
        "https://github.com/sponsors/huntabyte",
        "https://github.com/sponsors/tglide"
      ],
      "dependencies": {
        "esm-env": "^1.0.0"
      },
      "peerDependencies": {
        "svelte": "^5.7.0"
      }
    },
    "node_modules/safer-buffer": {
      "version": "2.1.2",
      "license": "MIT"
    },
    "node_modules/source-map-js": {
      "version": "1.2.1",
      "license": "BSD-3-Clause",
      "engines": {
        "node": ">=0.10.0"
      }
    },
    "node_modules/style-to-object": {
      "version": "1.0.14",
      "license": "MIT",
      "dependencies": {
        "inline-style-parser": "0.2.7"
      }
    },
    "node_modules/svelte": {
      "version": "5.46.4",
      "resolved": "https://registry.npmjs.org/svelte/-/svelte-5.46.4.tgz",
      "integrity": "sha512-VJwdXrmv9L8L7ZasJeWcCjoIuMRVbhuxbss0fpVnR8yorMmjNDwcjIH08vS6wmSzzzgAG5CADQ1JuXPS2nwt9w==",
      "license": "MIT",
      "dependencies": {
        "@jridgewell/remapping": "^2.3.4",
        "@jridgewell/sourcemap-codec": "^1.5.0",
        "@sveltejs/acorn-typescript": "^1.0.5",
        "@types/estree": "^1.0.5",
        "acorn": "^8.12.1",
        "aria-query": "^5.3.1",
        "axobject-query": "^4.1.0",
        "clsx": "^2.1.1",
        "devalue": "^5.6.2",
        "esm-env": "^1.2.1",
        "esrap": "^2.2.1",
        "is-reference": "^3.0.3",
        "locate-character": "^3.0.0",
        "magic-string": "^0.30.11",
        "zimmerframe": "^1.1.2"
      },
      "engines": {
        "node": ">=18"
      }
    },
    "node_modules/svelte-sonner": {
      "version": "0.3.28",
      "license": "MIT",
      "peerDependencies": {
        "svelte": "^3.0.0 || ^4.0.0 || ^5.0.0-next.1"
      }
    },
    "node_modules/svelte-toolbelt": {
      "version": "0.7.1",
      "funding": [
        "https://github.com/sponsors/huntabyte"
      ],
      "dependencies": {
        "clsx": "^2.1.1",
        "runed": "^0.23.2",
        "style-to-object": "^1.0.8"
      },
      "engines": {
        "node": ">=18",
        "pnpm": ">=8.7.0"
      },
      "peerDependencies": {
        "svelte": "^5.0.0"
      }
    },
    "node_modules/tabbable": {
      "version": "6.4.0",
      "license": "MIT"
    },
    "node_modules/tailwind-merge": {
      "version": "3.4.0",
      "license": "MIT",
      "funding": {
        "type": "github",
        "url": "https://github.com/sponsors/dcastil"
      }
    },
    "node_modules/tailwind-variants": {
      "version": "1.0.0",
      "license": "MIT",
      "dependencies": {
        "tailwind-merge": "3.0.2"
      },
      "engines": {
        "node": ">=16.x",
        "pnpm": ">=7.x"
      },
      "peerDependencies": {
        "tailwindcss": "*"
      }
    },
    "node_modules/tailwind-variants/node_modules/tailwind-merge": {
      "version": "3.0.2",
      "license": "MIT",
      "funding": {
        "type": "github",
        "url": "https://github.com/sponsors/dcastil"
      }
    },
    "node_modules/tailwindcss": {
      "version": "4.1.18",
      "resolved": "https://registry.npmjs.org/tailwindcss/-/tailwindcss-4.1.18.tgz",
      "integrity": "sha512-4+Z+0yiYyEtUVCScyfHCxOYP06L5Ne+JiHhY2IjR2KWMIWhJOYZKLSGZaP5HkZ8+bY0cxfzwDE5uOmzFXyIwxw==",
      "license": "MIT"
    },
    "node_modules/tapable": {
      "version": "2.3.0",
      "license": "MIT",
      "engines": {
        "node": ">=6"
      },
      "funding": {
        "type": "opencollective",
        "url": "https://opencollective.com/webpack"
      }
    },
    "node_modules/three": {
      "version": "0.176.0",
      "license": "MIT"
    },
    "node_modules/three-instanced-uniforms-mesh": {
      "version": "0.52.4",
      "license": "MIT",
      "dependencies": {
        "troika-three-utils": "^0.52.4"
      },
      "peerDependencies": {
        "three": ">=0.125.0"
      }
    },
    "node_modules/three-mesh-bvh": {
      "version": "0.9.6",
      "license": "MIT",
      "peerDependencies": {
        "three": ">= 0.159.0"
      }
    },
    "node_modules/three-perf": {
      "version": "1.0.11",
      "license": "MIT",
      "dependencies": {
        "troika-three-text": "^0.52.0",
        "tweakpane": "^3.1.10"
      },
      "peerDependencies": {
        "three": ">=0.170"
      }
    },
    "node_modules/three-viewport-gizmo": {
      "version": "2.2.0",
      "license": "MIT",
      "peerDependencies": {
        "three": ">=0.162.0 <1.0.0"
      }
    },
    "node_modules/tinyglobby": {
      "version": "0.2.15",
      "license": "MIT",
      "dependencies": {
        "fdir": "^6.5.0",
        "picomatch": "^4.0.3"
      },
      "engines": {
        "node": ">=12.0.0"
      },
      "funding": {
        "url": "https://github.com/sponsors/SuperchupuDev"
      }
    },
    "node_modules/tlds": {
      "version": "1.261.0",
      "license": "MIT",
      "bin": {
        "tlds": "bin.js"
      }
    },
    "node_modules/troika-three-text": {
      "version": "0.52.4",
      "license": "MIT",
      "dependencies": {
        "bidi-js": "^1.0.2",
        "troika-three-utils": "^0.52.4",
        "troika-worker-utils": "^0.52.0",
        "webgl-sdf-generator": "1.1.1"
      },
      "peerDependencies": {
        "three": ">=0.125.0"
      }
    },
    "node_modules/troika-three-utils": {
      "version": "0.52.4",
      "license": "MIT",
      "peerDependencies": {
        "three": ">=0.125.0"
      }
    },
    "node_modules/troika-worker-utils": {
      "version": "0.52.0",
      "license": "MIT"
    },
    "node_modules/tslib": {
      "version": "2.8.1",
      "license": "0BSD"
    },
    "node_modules/tweakpane": {
      "version": "3.1.10",
      "license": "MIT",
      "funding": {
        "url": "https://github.com/sponsors/cocopon"
      }
    },
    "node_modules/uint8arrays": {
      "version": "3.0.0",
      "license": "MIT",
      "dependencies": {
        "multiformats": "^9.4.2"
      }
    },
    "node_modules/undici": {
      "version": "7.18.2",
      "license": "MIT",
      "engines": {
        "node": ">=20.18.1"
      }
    },
    "node_modules/unicode-segmenter": {
      "version": "0.14.5",
      "license": "MIT"
    },
    "node_modules/url-polyfill": {
      "version": "1.1.14",
      "license": "MIT"
    },
    "node_modules/vite": {
      "version": "7.3.1",
      "license": "MIT",
      "dependencies": {
        "esbuild": "^0.27.0",
        "fdir": "^6.5.0",
        "picomatch": "^4.0.3",
        "postcss": "^8.5.6",
        "rollup": "^4.43.0",
        "tinyglobby": "^0.2.15"
      },
      "bin": {
        "vite": "bin/vite.js"
      },
      "engines": {
        "node": "^20.19.0 || >=22.12.0"
      },
      "funding": {
        "url": "https://github.com/vitejs/vite?sponsor=1"
      },
      "optionalDependencies": {
        "fsevents": "~2.3.3"
      },
      "peerDependencies": {
        "@types/node": "^20.19.0 || >=22.12.0",
        "jiti": ">=1.21.0",
        "less": "^4.0.0",
        "lightningcss": "^1.21.0",
        "sass": "^1.70.0",
        "sass-embedded": "^1.70.0",
        "stylus": ">=0.54.8",
        "sugarss": "^5.0.0",
        "terser": "^5.16.0",
        "tsx": "^4.8.1",
        "yaml": "^2.4.2"
      },
      "peerDependenciesMeta": {
        "@types/node": {
          "optional": true
        },
        "jiti": {
          "optional": true
        },
        "less": {
          "optional": true
        },
        "lightningcss": {
          "optional": true
        },
        "sass": {
          "optional": true
        },
        "sass-embedded": {
          "optional": true
        },
        "stylus": {
          "optional": true
        },
        "sugarss": {
          "optional": true
        },
        "terser": {
          "optional": true
        },
        "tsx": {
          "optional": true
        },
        "yaml": {
          "optional": true
        }
      }
    },
    "node_modules/vitefu": {
      "version": "1.1.1",
      "dev": true,
      "license": "MIT",
      "workspaces": [
        "tests/deps/*",
        "tests/projects/*",
        "tests/projects/workspace/packages/*"
      ],
      "peerDependencies": {
        "vite": "^3.0.0 || ^4.0.0 || ^5.0.0 || ^6.0.0 || ^7.0.0-beta.0"
      },
      "peerDependenciesMeta": {
        "vite": {
          "optional": true
        }
      }
    },
    "node_modules/webgl-sdf-generator": {
      "version": "1.1.1",
      "license": "MIT"
    },
    "node_modules/whatwg-encoding": {
      "version": "3.1.1",
      "license": "MIT",
      "dependencies": {
        "iconv-lite": "0.6.3"
      },
      "engines": {
        "node": ">=18"
      }
    },
    "node_modules/whatwg-mimetype": {
      "version": "4.0.0",
      "license": "MIT",
      "engines": {
        "node": ">=18"
      }
    },
    "node_modules/zimmerframe": {
      "version": "1.1.4",
      "license": "MIT"
    },
    "node_modules/zod": {
      "version": "3.25.76",
      "license": "MIT",
      "funding": {
        "url": "https://github.com/sponsors/colinhacks"
      }
    }
  }
}
